PODS:
  - boost (1.76.0)
  - BVLinearGradient (2.8.3):
    - React-Core
  - DoubleConversion (1.1.6)
  - FBLazyVector (0.72.0)
  - FBReactNativeSpec (0.72.0):
    - RCT-Folly (= 2021.07.22.00)
    - RCTRequired (= 0.72.0)
    - RCTTypeSafety (= 0.72.0)
    - React-Core (= 0.72.0)
    - React-jsi (= 0.72.0)
    - ReactCommon/turbomodule/core (= 0.72.0)
  - fmt (6.2.1)
  - glog (0.3.5)
  - libwebp (1.3.2):
    - libwebp/demux (= 1.3.2)
    - libwebp/mux (= 1.3.2)
    - libwebp/sharpyuv (= 1.3.2)
    - libwebp/webp (= 1.3.2)
  - libwebp/demux (1.3.2):
    - libwebp/webp
  - libwebp/mux (1.3.2):
    - libwebp/demux
  - libwebp/sharpyuv (1.3.2)
  - libwebp/webp (1.3.2):
    - libwebp/sharpyuv
  - lottie-ios (3.4.0)
  - lottie-react-native (5.1.6):
    - lottie-ios (~> 3.4.0)
    - React-Core
  - RCT-Folly (2021.07.22.00):
    - boost
    - DoubleConversion
    - fmt (~> 6.2.1)
    - glog
    - RCT-Folly/Default (= 2021.07.22.00)
  - RCT-Folly/Default (2021.07.22.00):
    - boost
    - DoubleConversion
    - fmt (~> 6.2.1)
    - glog
  - RCTRequired (0.72.0)
  - RCTTypeSafety (0.72.0):
    - FBLazyVector (= 0.72.0)
    - RCTRequired (= 0.72.0)
    - React-Core (= 0.72.0)
  - React (0.72.0):
    - React-Core (= 0.72.0)
    - React-Core/DevSupport (= 0.72.0)
    - React-Core/RCTWebSocket (= 0.72.0)
    - React-RCTActionSheet (= 0.72.0)
    - React-RCTAnimation (= 0.72.0)
    - React-RCTBlob (= 0.72.0)
    - React-RCTImage (= 0.72.0)
    - React-RCTLinking (= 0.72.0)
    - React-RCTNetwork (= 0.72.0)
    - React-RCTSettings (= 0.72.0)
    - React-RCTText (= 0.72.0)
    - React-RCTVibration (= 0.72.0)
  - React-callinvoker (0.72.0)
  - React-Codegen (0.72.0):
    - DoubleConversion
    - FBReactNativeSpec
    - glog
    - RCT-Folly
    - RCTRequired
    - RCTTypeSafety
    - React-Core
    - React-jsc
    - React-jsi
    - React-jsiexecutor
    - React-NativeModulesApple
    - React-rncore
    - ReactCommon/turbomodule/bridging
    - ReactCommon/turbomodule/core
  - React-Core (0.72.0):
    - glog
    - RCT-Folly (= 2021.07.22.00)
    - React-Core/Default (= 0.72.0)
    - React-cxxreact
    - React-jsc
    - React-jsi
    - React-jsiexecutor
    - React-perflogger
    - React-runtimeexecutor
    - React-utils
    - SocketRocket (= 0.6.0)
    - Yoga
  - React-Core/CoreModulesHeaders (0.72.0):
    - glog
    - RCT-Folly (= 2021.07.22.00)
    - React-Core/Default
    - React-cxxreact
    - React-jsc
    - React-jsi
    - React-jsiexecutor
    - React-perflogger
    - React-runtimeexecutor
    - React-utils
    - SocketRocket (= 0.6.0)
    - Yoga
  - React-Core/Default (0.72.0):
    - glog
    - RCT-Folly (= 2021.07.22.00)
    - React-cxxreact
    - React-jsc
    - React-jsi
    - React-jsiexecutor
    - React-perflogger
    - React-runtimeexecutor
    - React-utils
    - SocketRocket (= 0.6.0)
    - Yoga
  - React-Core/DevSupport (0.72.0):
    - glog
    - RCT-Folly (= 2021.07.22.00)
    - React-Core/Default (= 0.72.0)
    - React-Core/RCTWebSocket (= 0.72.0)
    - React-cxxreact
    - React-jsc
    - React-jsi
    - React-jsiexecutor
    - React-jsinspector (= 0.72.0)
    - React-perflogger
    - React-runtimeexecutor
    - React-utils
    - SocketRocket (= 0.6.0)
    - Yoga
  - React-Core/RCTActionSheetHeaders (0.72.0):
    - glog
    - RCT-Folly (= 2021.07.22.00)
    - React-Core/Default
    - React-cxxreact
    - React-jsc
    - React-jsi
    - React-jsiexecutor
    - React-perflogger
    - React-runtimeexecutor
    - React-utils
    - SocketRocket (= 0.6.0)
    - Yoga
  - React-Core/RCTAnimationHeaders (0.72.0):
    - glog
    - RCT-Folly (= 2021.07.22.00)
    - React-Core/Default
    - React-cxxreact
    - React-jsc
    - React-jsi
    - React-jsiexecutor
    - React-perflogger
    - React-runtimeexecutor
    - React-utils
    - SocketRocket (= 0.6.0)
    - Yoga
  - React-Core/RCTBlobHeaders (0.72.0):
    - glog
    - RCT-Folly (= 2021.07.22.00)
    - React-Core/Default
    - React-cxxreact
    - React-jsc
    - React-jsi
    - React-jsiexecutor
    - React-perflogger
    - React-runtimeexecutor
    - React-utils
    - SocketRocket (= 0.6.0)
    - Yoga
  - React-Core/RCTImageHeaders (0.72.0):
    - glog
    - RCT-Folly (= 2021.07.22.00)
    - React-Core/Default
    - React-cxxreact
    - React-jsc
    - React-jsi
    - React-jsiexecutor
    - React-perflogger
    - React-runtimeexecutor
    - React-utils
    - SocketRocket (= 0.6.0)
    - Yoga
  - React-Core/RCTLinkingHeaders (0.72.0):
    - glog
    - RCT-Folly (= 2021.07.22.00)
    - React-Core/Default
    - React-cxxreact
    - React-jsc
    - React-jsi
    - React-jsiexecutor
    - React-perflogger
    - React-runtimeexecutor
    - React-utils
    - SocketRocket (= 0.6.0)
    - Yoga
  - React-Core/RCTNetworkHeaders (0.72.0):
    - glog
    - RCT-Folly (= 2021.07.22.00)
    - React-Core/Default
    - React-cxxreact
    - React-jsc
    - React-jsi
    - React-jsiexecutor
    - React-perflogger
    - React-runtimeexecutor
    - React-utils
    - SocketRocket (= 0.6.0)
    - Yoga
  - React-Core/RCTSettingsHeaders (0.72.0):
    - glog
    - RCT-Folly (= 2021.07.22.00)
    - React-Core/Default
    - React-cxxreact
    - React-jsc
    - React-jsi
    - React-jsiexecutor
    - React-perflogger
    - React-runtimeexecutor
    - React-utils
    - SocketRocket (= 0.6.0)
    - Yoga
  - React-Core/RCTTextHeaders (0.72.0):
    - glog
    - RCT-Folly (= 2021.07.22.00)
    - React-Core/Default
    - React-cxxreact
    - React-jsc
    - React-jsi
    - React-jsiexecutor
    - React-perflogger
    - React-runtimeexecutor
    - React-utils
    - SocketRocket (= 0.6.0)
    - Yoga
  - React-Core/RCTVibrationHeaders (0.72.0):
    - glog
    - RCT-Folly (= 2021.07.22.00)
    - React-Core/Default
    - React-cxxreact
    - React-jsc
    - React-jsi
    - React-jsiexecutor
    - React-perflogger
    - React-runtimeexecutor
    - React-utils
    - SocketRocket (= 0.6.0)
    - Yoga
  - React-Core/RCTWebSocket (0.72.0):
    - glog
    - RCT-Folly (= 2021.07.22.00)
    - React-Core/Default (= 0.72.0)
    - React-cxxreact
    - React-jsc
    - React-jsi
    - React-jsiexecutor
    - React-perflogger
    - React-runtimeexecutor
    - React-utils
    - SocketRocket (= 0.6.0)
    - Yoga
  - React-CoreModules (0.72.0):
    - RCT-Folly (= 2021.07.22.00)
    - RCTTypeSafety (= 0.72.0)
    - React-Codegen (= 0.72.0)
    - React-Core/CoreModulesHeaders (= 0.72.0)
    - React-jsi (= 0.72.0)
    - React-RCTBlob
    - React-RCTImage (= 0.72.0)
    - ReactCommon/turbomodule/core (= 0.72.0)
    - SocketRocket (= 0.6.0)
  - React-cxxreact (0.72.0):
    - boost (= 1.76.0)
    - DoubleConversion
    - glog
    - RCT-Folly (= 2021.07.22.00)
    - React-callinvoker (= 0.72.0)
    - React-jsi (= 0.72.0)
    - React-jsinspector (= 0.72.0)
    - React-logger (= 0.72.0)
    - React-perflogger (= 0.72.0)
    - React-runtimeexecutor (= 0.72.0)
  - React-debug (0.72.0)
  - React-jsc (0.72.0):
    - React-jsc/Fabric (= 0.72.0)
    - React-jsi (= 0.72.0)
  - React-jsc/Fabric (0.72.0):
    - React-jsi (= 0.72.0)
  - React-jsi (0.72.0):
    - boost (= 1.76.0)
    - DoubleConversion
    - glog
    - RCT-Folly (= 2021.07.22.00)
  - React-jsiexecutor (0.72.0):
    - DoubleConversion
    - glog
    - RCT-Folly (= 2021.07.22.00)
    - React-cxxreact (= 0.72.0)
    - React-jsi (= 0.72.0)
    - React-perflogger (= 0.72.0)
  - React-jsinspector (0.72.0)
  - React-logger (0.72.0):
    - glog
  - react-native-aes (2.1.2):
    - React-Core
  - react-native-encrypted-storage (4.0.3):
    - React-Core
  - react-native-haskell-shelley (5.1.3):
    - React
  - react-native-image-picker (7.1.2):
    - RCT-Folly (= 2021.07.22.00)
    - React-Core
  - react-native-randombytes (3.6.1):
    - React-Core
  - react-native-restart (0.0.24):
    - React-Core
  - react-native-safe-area-context (4.10.8):
    - React-Core
  - react-native-viewpager (5.0.12):
    - React-Core
  - react-native-webview (13.6.4):
    - RCT-Folly (= 2021.07.22.00)
    - React-Core
  - React-NativeModulesApple (0.72.0):
    - React-callinvoker
    - React-Core
    - React-cxxreact
    - React-jsi
    - React-runtimeexecutor
    - ReactCommon/turbomodule/bridging
    - ReactCommon/turbomodule/core
  - React-perflogger (0.72.0)
  - React-RCTActionSheet (0.72.0):
    - React-Core/RCTActionSheetHeaders (= 0.72.0)
  - React-RCTAnimation (0.72.0):
    - RCT-Folly (= 2021.07.22.00)
    - RCTTypeSafety (= 0.72.0)
    - React-Codegen (= 0.72.0)
    - React-Core/RCTAnimationHeaders (= 0.72.0)
    - React-jsi (= 0.72.0)
    - ReactCommon/turbomodule/core (= 0.72.0)
  - React-RCTAppDelegate (0.72.0):
    - RCT-Folly
    - RCTRequired
    - RCTTypeSafety
    - React-Core
    - React-CoreModules
    - React-jsc
    - React-NativeModulesApple
    - React-RCTImage
    - React-RCTNetwork
    - React-runtimescheduler
    - ReactCommon/turbomodule/core
  - React-RCTBlob (0.72.0):
    - RCT-Folly (= 2021.07.22.00)
    - React-Codegen (= 0.72.0)
    - React-Core/RCTBlobHeaders (= 0.72.0)
    - React-Core/RCTWebSocket (= 0.72.0)
    - React-jsi (= 0.72.0)
    - React-RCTNetwork (= 0.72.0)
    - ReactCommon/turbomodule/core (= 0.72.0)
  - React-RCTImage (0.72.0):
    - RCT-Folly (= 2021.07.22.00)
    - RCTTypeSafety (= 0.72.0)
    - React-Codegen (= 0.72.0)
    - React-Core/RCTImageHeaders (= 0.72.0)
    - React-jsi (= 0.72.0)
    - React-RCTNetwork (= 0.72.0)
    - ReactCommon/turbomodule/core (= 0.72.0)
  - React-RCTLinking (0.72.0):
    - React-Codegen (= 0.72.0)
    - React-Core/RCTLinkingHeaders (= 0.72.0)
    - React-jsi (= 0.72.0)
    - ReactCommon/turbomodule/core (= 0.72.0)
  - React-RCTNetwork (0.72.0):
    - RCT-Folly (= 2021.07.22.00)
    - RCTTypeSafety (= 0.72.0)
    - React-Codegen (= 0.72.0)
    - React-Core/RCTNetworkHeaders (= 0.72.0)
    - React-jsi (= 0.72.0)
    - ReactCommon/turbomodule/core (= 0.72.0)
  - React-RCTSettings (0.72.0):
    - RCT-Folly (= 2021.07.22.00)
    - RCTTypeSafety (= 0.72.0)
    - React-Codegen (= 0.72.0)
    - React-Core/RCTSettingsHeaders (= 0.72.0)
    - React-jsi (= 0.72.0)
    - ReactCommon/turbomodule/core (= 0.72.0)
  - React-RCTText (0.72.0):
    - React-Core/RCTTextHeaders (= 0.72.0)
  - React-RCTVibration (0.72.0):
    - RCT-Folly (= 2021.07.22.00)
    - React-Codegen (= 0.72.0)
    - React-Core/RCTVibrationHeaders (= 0.72.0)
    - React-jsi (= 0.72.0)
    - ReactCommon/turbomodule/core (= 0.72.0)
  - React-rncore (0.72.0)
  - React-runtimeexecutor (0.72.0):
    - React-jsi (= 0.72.0)
  - React-runtimescheduler (0.72.0):
    - glog
    - RCT-Folly (= 2021.07.22.00)
    - React-callinvoker
    - React-debug
    - React-jsi
    - React-runtimeexecutor
  - React-utils (0.72.0):
    - glog
    - RCT-Folly (= 2021.07.22.00)
    - React-debug
  - ReactCommon/turbomodule/bridging (0.72.0):
    - DoubleConversion
    - glog
    - RCT-Folly (= 2021.07.22.00)
    - React-callinvoker (= 0.72.0)
    - React-cxxreact (= 0.72.0)
    - React-jsi (= 0.72.0)
    - React-logger (= 0.72.0)
    - React-perflogger (= 0.72.0)
  - ReactCommon/turbomodule/core (0.72.0):
    - DoubleConversion
    - glog
    - RCT-Folly (= 2021.07.22.00)
    - React-callinvoker (= 0.72.0)
    - React-cxxreact (= 0.72.0)
    - React-jsi (= 0.72.0)
    - React-logger (= 0.72.0)
    - React-perflogger (= 0.72.0)
  - RNCAsyncStorage (1.21.0):
    - React-Core
  - RNCClipboard (1.13.2):
    - React-Core
  - RNCPicker (2.6.1):
    - React-Core
  - RNDateTimePicker (6.7.5):
    - React-Core
  - RNFastImage (8.6.3):
    - React-Core
    - SDWebImage (~> 5.11.1)
    - SDWebImageWebPCoder (~> 0.8.4)
  - RNGestureHandler (1.10.3):
    - React-Core
  - RNInAppBrowser (3.7.2):
    - React-Core
  - RNKeychain (8.1.2):
    - React-Core
  - RNOS (1.2.8):
    - React
  - RNPermissions (4.1.5):
    - React-Core
  - RNReanimated (3.6.1):
    - RCT-Folly (= 2021.07.22.00)
    - React-Core
    - ReactCommon/turbomodule/core
  - RNScreens (3.29.0):
    - RCT-Folly (= 2021.07.22.00)
    - React-Core
  - RNSVG (12.5.1):
    - React-Core
  - SDWebImage (5.11.1):
    - SDWebImage/Core (= 5.11.1)
  - SDWebImage/Core (5.11.1)
  - SDWebImageWebPCoder (0.8.5):
    - libwebp (~> 1.0)
    - SDWebImage/Core (~> 5.10)
  - SocketRocket (0.6.0)
  - VisionCamera (3.7.0):
    - React
    - React-callinvoker
    - React-Core
  - Yoga (1.14.0)

DEPENDENCIES:
  - boost (from `../node_modules/react-native/third-party-podspecs/boost.podspec`)
  - BVLinearGradient (from `../node_modules/react-native-linear-gradient`)
  - DoubleConversion (from `../node_modules/react-native/third-party-podspecs/DoubleConversion.podspec`)
  - FBLazyVector (from `../node_modules/react-native/Libraries/FBLazyVector`)
  - FBReactNativeSpec (from `../node_modules/react-native/React/FBReactNativeSpec`)
  - glog (from `../node_modules/react-native/third-party-podspecs/glog.podspec`)
  - lottie-ios (from `../node_modules/lottie-ios`)
  - lottie-react-native (from `../node_modules/lottie-react-native`)
  - RCT-Folly (from `../node_modules/react-native/third-party-podspecs/RCT-Folly.podspec`)
  - RCTRequired (from `../node_modules/react-native/Libraries/RCTRequired`)
  - RCTTypeSafety (from `../node_modules/react-native/Libraries/TypeSafety`)
  - React (from `../node_modules/react-native/`)
  - React-callinvoker (from `../node_modules/react-native/ReactCommon/callinvoker`)
  - React-Codegen (from `build/generated/ios`)
  - React-Core (from `../node_modules/react-native/`)
  - React-Core/RCTWebSocket (from `../node_modules/react-native/`)
  - React-CoreModules (from `../node_modules/react-native/React/CoreModules`)
  - React-cxxreact (from `../node_modules/react-native/ReactCommon/cxxreact`)
  - React-debug (from `../node_modules/react-native/ReactCommon/react/debug`)
  - React-jsc (from `../node_modules/react-native/ReactCommon/jsc`)
  - React-jsi (from `../node_modules/react-native/ReactCommon/jsi`)
  - React-jsiexecutor (from `../node_modules/react-native/ReactCommon/jsiexecutor`)
  - React-jsinspector (from `../node_modules/react-native/ReactCommon/jsinspector`)
  - React-logger (from `../node_modules/react-native/ReactCommon/logger`)
  - react-native-aes (from `../node_modules/react-native-aes-crypto`)
  - react-native-encrypted-storage (from `../node_modules/react-native-encrypted-storage`)
  - "react-native-haskell-shelley (from `../node_modules/@emurgo/csl-mobile-bridge`)"
  - react-native-image-picker (from `../node_modules/react-native-image-picker`)
  - react-native-randombytes (from `../node_modules/react-native-randombytes`)
  - react-native-restart (from `../node_modules/react-native-restart`)
  - react-native-safe-area-context (from `../node_modules/react-native-safe-area-context`)
  - react-native-viewpager (from `../node_modules/react-native-pager-view`)
  - react-native-webview (from `../node_modules/react-native-webview`)
  - React-NativeModulesApple (from `../node_modules/react-native/ReactCommon/react/nativemodule/core/platform/ios`)
  - React-perflogger (from `../node_modules/react-native/ReactCommon/reactperflogger`)
  - React-RCTActionSheet (from `../node_modules/react-native/Libraries/ActionSheetIOS`)
  - React-RCTAnimation (from `../node_modules/react-native/Libraries/NativeAnimation`)
  - React-RCTAppDelegate (from `../node_modules/react-native/Libraries/AppDelegate`)
  - React-RCTBlob (from `../node_modules/react-native/Libraries/Blob`)
  - React-RCTImage (from `../node_modules/react-native/Libraries/Image`)
  - React-RCTLinking (from `../node_modules/react-native/Libraries/LinkingIOS`)
  - React-RCTNetwork (from `../node_modules/react-native/Libraries/Network`)
  - React-RCTSettings (from `../node_modules/react-native/Libraries/Settings`)
  - React-RCTText (from `../node_modules/react-native/Libraries/Text`)
  - React-RCTVibration (from `../node_modules/react-native/Libraries/Vibration`)
  - React-rncore (from `../node_modules/react-native/ReactCommon`)
  - React-runtimeexecutor (from `../node_modules/react-native/ReactCommon/runtimeexecutor`)
  - React-runtimescheduler (from `../node_modules/react-native/ReactCommon/react/renderer/runtimescheduler`)
  - React-utils (from `../node_modules/react-native/ReactCommon/react/utils`)
  - ReactCommon/turbomodule/core (from `../node_modules/react-native/ReactCommon`)
  - "RNCAsyncStorage (from `../node_modules/@react-native-async-storage/async-storage`)"
  - "RNCClipboard (from `../node_modules/@react-native-clipboard/clipboard`)"
  - "RNCPicker (from `../node_modules/@react-native-picker/picker`)"
  - "RNDateTimePicker (from `../node_modules/@react-native-community/datetimepicker`)"
  - RNFastImage (from `../node_modules/react-native-fast-image`)
  - RNGestureHandler (from `../node_modules/react-native-gesture-handler`)
  - "RNInAppBrowser (from `../node_modules/@stytch/react-native-inappbrowser-reborn`)"
  - RNKeychain (from `../node_modules/react-native-keychain`)
  - RNOS (from `../node_modules/react-native-os`)
  - RNPermissions (from `../node_modules/react-native-permissions`)
  - RNReanimated (from `../node_modules/react-native-reanimated`)
  - RNScreens (from `../node_modules/react-native-screens`)
  - RNSVG (from `../node_modules/react-native-svg`)
  - VisionCamera (from `../node_modules/react-native-vision-camera`)
  - Yoga (from `../node_modules/react-native/ReactCommon/yoga`)

SPEC REPOS:
  trunk:
    - fmt
    - libwebp
    - SDWebImage
    - SDWebImageWebPCoder
    - SocketRocket

EXTERNAL SOURCES:
  boost:
    :podspec: "../node_modules/react-native/third-party-podspecs/boost.podspec"
  BVLinearGradient:
    :path: "../node_modules/react-native-linear-gradient"
  DoubleConversion:
    :podspec: "../node_modules/react-native/third-party-podspecs/DoubleConversion.podspec"
  FBLazyVector:
    :path: "../node_modules/react-native/Libraries/FBLazyVector"
  FBReactNativeSpec:
    :path: "../node_modules/react-native/React/FBReactNativeSpec"
  glog:
    :podspec: "../node_modules/react-native/third-party-podspecs/glog.podspec"
  lottie-ios:
    :path: "../node_modules/lottie-ios"
  lottie-react-native:
    :path: "../node_modules/lottie-react-native"
  RCT-Folly:
    :podspec: "../node_modules/react-native/third-party-podspecs/RCT-Folly.podspec"
  RCTRequired:
    :path: "../node_modules/react-native/Libraries/RCTRequired"
  RCTTypeSafety:
    :path: "../node_modules/react-native/Libraries/TypeSafety"
  React:
    :path: "../node_modules/react-native/"
  React-callinvoker:
    :path: "../node_modules/react-native/ReactCommon/callinvoker"
  React-Codegen:
    :path: build/generated/ios
  React-Core:
    :path: "../node_modules/react-native/"
  React-CoreModules:
    :path: "../node_modules/react-native/React/CoreModules"
  React-cxxreact:
    :path: "../node_modules/react-native/ReactCommon/cxxreact"
  React-debug:
    :path: "../node_modules/react-native/ReactCommon/react/debug"
  React-jsc:
    :path: "../node_modules/react-native/ReactCommon/jsc"
  React-jsi:
    :path: "../node_modules/react-native/ReactCommon/jsi"
  React-jsiexecutor:
    :path: "../node_modules/react-native/ReactCommon/jsiexecutor"
  React-jsinspector:
    :path: "../node_modules/react-native/ReactCommon/jsinspector"
  React-logger:
    :path: "../node_modules/react-native/ReactCommon/logger"
  react-native-aes:
    :path: "../node_modules/react-native-aes-crypto"
  react-native-encrypted-storage:
    :path: "../node_modules/react-native-encrypted-storage"
  react-native-haskell-shelley:
    :path: "../node_modules/@emurgo/csl-mobile-bridge"
  react-native-image-picker:
    :path: "../node_modules/react-native-image-picker"
  react-native-randombytes:
    :path: "../node_modules/react-native-randombytes"
  react-native-restart:
    :path: "../node_modules/react-native-restart"
  react-native-safe-area-context:
    :path: "../node_modules/react-native-safe-area-context"
  react-native-viewpager:
    :path: "../node_modules/react-native-pager-view"
  react-native-webview:
    :path: "../node_modules/react-native-webview"
  React-NativeModulesApple:
    :path: "../node_modules/react-native/ReactCommon/react/nativemodule/core/platform/ios"
  React-perflogger:
    :path: "../node_modules/react-native/ReactCommon/reactperflogger"
  React-RCTActionSheet:
    :path: "../node_modules/react-native/Libraries/ActionSheetIOS"
  React-RCTAnimation:
    :path: "../node_modules/react-native/Libraries/NativeAnimation"
  React-RCTAppDelegate:
    :path: "../node_modules/react-native/Libraries/AppDelegate"
  React-RCTBlob:
    :path: "../node_modules/react-native/Libraries/Blob"
  React-RCTImage:
    :path: "../node_modules/react-native/Libraries/Image"
  React-RCTLinking:
    :path: "../node_modules/react-native/Libraries/LinkingIOS"
  React-RCTNetwork:
    :path: "../node_modules/react-native/Libraries/Network"
  React-RCTSettings:
    :path: "../node_modules/react-native/Libraries/Settings"
  React-RCTText:
    :path: "../node_modules/react-native/Libraries/Text"
  React-RCTVibration:
    :path: "../node_modules/react-native/Libraries/Vibration"
  React-rncore:
    :path: "../node_modules/react-native/ReactCommon"
  React-runtimeexecutor:
    :path: "../node_modules/react-native/ReactCommon/runtimeexecutor"
  React-runtimescheduler:
    :path: "../node_modules/react-native/ReactCommon/react/renderer/runtimescheduler"
  React-utils:
    :path: "../node_modules/react-native/ReactCommon/react/utils"
  ReactCommon:
    :path: "../node_modules/react-native/ReactCommon"
  RNCAsyncStorage:
    :path: "../node_modules/@react-native-async-storage/async-storage"
  RNCClipboard:
    :path: "../node_modules/@react-native-clipboard/clipboard"
  RNCPicker:
    :path: "../node_modules/@react-native-picker/picker"
  RNDateTimePicker:
    :path: "../node_modules/@react-native-community/datetimepicker"
  RNFastImage:
    :path: "../node_modules/react-native-fast-image"
  RNGestureHandler:
    :path: "../node_modules/react-native-gesture-handler"
  RNInAppBrowser:
    :path: "../node_modules/@stytch/react-native-inappbrowser-reborn"
  RNKeychain:
    :path: "../node_modules/react-native-keychain"
  RNOS:
    :path: "../node_modules/react-native-os"
  RNPermissions:
    :path: "../node_modules/react-native-permissions"
  RNReanimated:
    :path: "../node_modules/react-native-reanimated"
  RNScreens:
    :path: "../node_modules/react-native-screens"
  RNSVG:
    :path: "../node_modules/react-native-svg"
  VisionCamera:
    :path: "../node_modules/react-native-vision-camera"
  Yoga:
    :path: "../node_modules/react-native/ReactCommon/yoga"

SPEC CHECKSUMS:
  boost: 57d2868c099736d80fcd648bf211b4431e51a558
  BVLinearGradient: 880f91a7854faff2df62518f0281afb1c60d49a3
  DoubleConversion: 5189b271737e1565bdce30deb4a08d647e3f5f54
  FBLazyVector: bb17efca94c43508cbe54fb0a35e36df30da5213
  FBReactNativeSpec: 6e7e74b1ed7f0a1a469a82a67521b33285f5fef3
  fmt: ff9d55029c625d3757ed641535fd4a75fedc7ce9
  glog: 04b94705f318337d7ead9e6d17c019bd9b1f6b1b
  libwebp: 1786c9f4ff8a279e4dac1e8f385004d5fc253009
  lottie-ios: 69495122151a378fdc7d1bb4c5930347e37baf1f
  lottie-react-native: 8f9d4be452e23f6e5ca0fdc11669dc99ab52be81
  RCT-Folly: 424b8c9a7a0b9ab2886ffe9c3b041ef628fd4fb1
  RCTRequired: 656ef0536dd60a9740961ade6a64ba0cb0572d2b
  RCTTypeSafety: 82bd23b63f043d1a6b8e80e72fd15c08e04528a4
  React: 4f2c0b59d1a1c0ae02771deb69e5ee78999fee79
  React-callinvoker: d5aa9fa6cd6b67d6033de2cb5af6de7ae3dac6ca
  React-Codegen: 7dcfe258f856ac8381a905f0669435736bcfb5b9
  React-Core: fce0e8a04de16c69e766f26b652e7ca9927eda9b
  React-CoreModules: b02ca7a4fb869bcbe4c0ed2c939d433f13a120c5
  React-cxxreact: 9738d95069cfbe030d5f44319c9b44028f442d82
  React-debug: 77ab539975d81d27153e2998bc1214a2473cde01
  React-jsc: 3c0b9256529613da65281effc9ddf1067a2e075f
  React-jsi: 26276762f73bf53c33c3d5252664c32ba4509f8b
  React-jsiexecutor: de4e98ab0f2661affeb54931806a79a93a34d1ea
  React-jsinspector: 8d754fc957255a29d93e52fc67a895045cdc8703
  React-logger: 454ffb01980778a43b0153ee98721d0275b56616
  react-native-aes: b580a7919ae1ba5a1b457e7e4914a87eb01de6f4
  react-native-encrypted-storage: db300a3f2f0aba1e818417c1c0a6be549038deb7
  react-native-haskell-shelley: 92544de7277b53cda2393528d530b526c81b48a6
  react-native-image-picker: 51fdb07f7ef722988c8a219e1416153760a25e4d
  react-native-randombytes: 421f1c7d48c0af8dbcd471b0324393ebf8fe7846
  react-native-restart: 45c8dca02491980f2958595333cbccd6877cb57e
  react-native-safe-area-context: b7daa1a8df36095a032dff095a1ea8963cb48371
  react-native-viewpager: 98a850d1c7ac6263122d82618a77062a5f427073
  react-native-webview: 107961c73db53d66549c867a3b64eaa20d34c41f
  React-NativeModulesApple: 1d81d927ef1a67a3545a01e14c2e98500bf9b199
  React-perflogger: 684a11499a0589cc42135d6d5cc04d0e4e0e261a
  React-RCTActionSheet: 00b0a4c382a13b834124fa3f541a7d8d1d56efb9
  React-RCTAnimation: 10c24c66fb504f2faa53f4ec0666c4568255cff9
  React-RCTAppDelegate: 0402b094e4f630aee6831570731759a43a69a28c
  React-RCTBlob: 48aaf595ea4f209faa8a80f26c23a4b9c271248f
  React-RCTImage: 2f609dd1c80c4aec8edf2ca235cba476fdd442ec
  React-RCTLinking: d7f20b7d51246bf34790ce1362d124cc1b42671b
  React-RCTNetwork: 6b0133de954b5eff5e6a6294eef5fca45df7e5e8
  React-RCTSettings: 9a1f3f5f3e104c0617d953acc54e60e4bfaf11bd
  React-RCTText: f5b4c03708c0283699c0dc23c7fb9f97ce7ac6bd
  React-RCTVibration: fb4135690f091ac9bcfbeb8dc4388208ca0e18b1
  React-rncore: 91a21f0b3c16a5e011bc54d1e204bd6c5bfdf8e2
  React-runtimeexecutor: 56b9f7665138fe8cda0d6c210cf95ee3f625c237
  React-runtimescheduler: 4a36521cc1ec1bc3997ae2462b6779dadaae376b
  React-utils: c12d2e75c8bbc727939ddc4319ed95493395ed5a
  ReactCommon: b9547f82aed45eccc1aa59034dc6c72809e37000
  RNCAsyncStorage: 618d03a5f52fbccb3d7010076bc54712844c18ef
  RNCClipboard: 60fed4b71560d7bfe40e9d35dea9762b024da86d
  RNCPicker: b18aaf30df596e9b1738e7c1f9ee55402a229dca
  RNDateTimePicker: 65e1d202799460b286ff5e741d8baf54695e8abd
  RNFastImage: 5c9c9fed9c076e521b3f509fe79e790418a544e8
  RNGestureHandler: a479ebd5ed4221a810967000735517df0d2db211
  RNInAppBrowser: 360b6a66b22035fb16062f2c7c492d28207c55da
  RNKeychain: a65256b6ca6ba6976132cc4124b238a5b13b3d9c
  RNOS: 38b328f96b5bf2bb97ae72bccba4121d991c5661
  RNPermissions: 65b9ee05b85743e142848335cd752d08cd73c5f7
  RNReanimated: fdbaa9c964bbab7fac50c90862b6cc5f041679b9
  RNScreens: 3c5b9f4a9dcde752466854b6109b79c0e205dad3
  RNSVG: d7d7bc8229af3842c9cfc3a723c815a52cdd1105
  SDWebImage: a7f831e1a65eb5e285e3fb046a23fcfbf08e696d
  SDWebImageWebPCoder: 908b83b6adda48effe7667cd2b7f78c897e5111d
  SocketRocket: fccef3f9c5cedea1353a9ef6ada904fde10d6608
  VisionCamera: 459701e86be125db2583392d2d06acb15b04ec03
  Yoga: 1d6727ed193122f6adaf435c3de1a768326ff83b

PODFILE CHECKSUM: d4a2d45ebd97af1a65acdabaf3a885fae9fa6c68

COCOAPODS: 1.15.2
